
Microsoft Visual Studio Solution File, Format Version 12.00
# Visual Studio Version 17
VisualStudioVersion = 17.8.34330.188
MinimumVisualStudioVersion = 10.0.40219.1
Project("{FAE04EC0-301F-11D3-BF4B-00C04F79EFBC}") = "FirstWPF", "FirstWPF\FirstWPF.csproj", "{8BD2B8C1-DBF2-44B3-8EA4-E12C3EB55B32}"
EndProject
Global
	GlobalSection(SolutionConfigurationPlatforms) = preSolution
		Debug|Any CPU = Debug|Any CPU
		Release|Any CPU = Release|Any CPU
	EndGlobalSection
	GlobalSection(ProjectConfigurationPlatforms) = postSolution
		{8BD2B8C1-DBF2-44B3-8EA4-E12C3EB55B32}.Debug|Any CPU.ActiveCfg = Debug|Any CPU
		{8BD2B8C1-DBF2-44B3-8EA4-E12C3EB55B32}.Debug|Any CPU.Build.0 = Debug|Any CPU
		{8BD2B8C1-DBF2-44B3-8EA4-E12C3EB55B32}.Release|Any CPU.ActiveCfg = Release|Any CPU
		{8BD2B8C1-DBF2-44B3-8EA4-E12C3EB55B32}.Release|Any CPU.Build.0 = Release|Any CPU
	EndGlobalSection
	GlobalSection(SolutionProperties) = preSolution
		HideSolutionNode = FALSE
	EndGlobalSection
	GlobalSection(ExtensibilityGlobals) = postSolution
		SolutionGuid = {FB838D23-00F1-4659-9687-B2AD1D24F06B}
	EndGlobalSection
EndGlobal
